
Microsoft Visual Studio Solution File, Format Version 12.00
# Visual Studio Version 17
VisualStudioVersion = 17.8.34525.116
MinimumVisualStudioVersion = 10.0.40219.1
Project("{FAE04EC0-301F-11D3-BF4B-00C04F79EFBC}") = "Task_App", "Task_App\Task_App.csproj", "{B09F085C-9149-4C6B-9244-915CE1315740}"
EndProject
Global
	GlobalSection(SolutionConfigurationPlatforms) = preSolution
		Debug|Any CPU = Debug|Any CPU
		Release|Any CPU = Release|Any CPU
	EndGlobalSection
	GlobalSection(ProjectConfigurationPlatforms) = postSolution
		{B09F085C-9149-4C6B-9244-915CE1315740}.Debug|Any CPU.ActiveCfg = Debug|Any CPU
		{B09F085C-9149-4C6B-9244-915CE1315740}.Debug|Any CPU.Build.0 = Debug|Any CPU
		{B09F085C-9149-4C6B-9244-915CE1315740}.Release|Any CPU.ActiveCfg = Release|Any CPU
		{B09F085C-9149-4C6B-9244-915CE1315740}.Release|Any CPU.Build.0 = Release|Any CPU
	EndGlobalSection
	GlobalSection(SolutionProperties) = preSolution
		HideSolutionNode = FALSE
	EndGlobalSection
	GlobalSection(ExtensibilityGlobals) = postSolution
		SolutionGuid = {22471001-23FB-4147-B517-4DD5DEF95D9D}
	EndGlobalSection
EndGlobal
